{
  "name": "frontend",
  "lockfileVersion": 3,
  "requires": true,
  "packages": {
    "": {
      "dependencies": {
        "frontend": "file:.."
      }
    },
    "..": {
      "version": "1.0.0",
      "dependencies": {
        "react": "^18.2.0",
        "react-dom": "^18.2.0",
        "react-scripts": "5.0.1"
      }
    },
    "node_modules/frontend": {
      "resolved": "..",
      "link": true
    }
  }
}
